
Microsoft Visual Studio Solution File, Format Version 12.00
# Visual Studio 15
VisualStudioVersion = 15.0.28010.2003
MinimumVisualStudioVersion = 10.0.40219.1
Project("{FAE04EC0-301F-11D3-BF4B-00C04F79EFBC}") = "hello_world", "hello_world\hello_world.csproj", "{EDCEB685-907A-4E67-867F-F28EC4098819}"
EndProject
Global
	GlobalSection(SolutionConfigurationPlatforms) = preSolution
		Debug|Any CPU = Debug|Any CPU
		Release|Any CPU = Release|Any CPU
	EndGlobalSection
	GlobalSection(ProjectConfigurationPlatforms) = postSolution
		{EDCEB685-907A-4E67-867F-F28EC4098819}.Debug|Any CPU.ActiveCfg = Debug|Any CPU
		{EDCEB685-907A-4E67-867F-F28EC4098819}.Debug|Any CPU.Build.0 = Debug|Any CPU
		{EDCEB685-907A-4E67-867F-F28EC4098819}.Release|Any CPU.ActiveCfg = Release|Any CPU
		{EDCEB685-907A-4E67-867F-F28EC4098819}.Release|Any CPU.Build.0 = Release|Any CPU
	EndGlobalSection
	GlobalSection(SolutionProperties) = preSolution
		HideSolutionNode = FALSE
	EndGlobalSection
	GlobalSection(ExtensibilityGlobals) = postSolution
		SolutionGuid = {92BEC4E6-142F-454A-9620-EAA4B8114F6C}
	EndGlobalSection
EndGlobal
